// !$*UTF8*$!
{
	archiveVersion = 1;
	classes = {
	};
	objectVersion = 50;
	objects = {

/* Begin PBXBuildFile section */
		17B9EAF56FC52EAC937B2DC7 /* Pods_findMatchUITests.framework in Frameworks */ = {isa = PBXBuildFile; fileRef = 8AE8BBDFE0B501DAF0525FE0 /* Pods_findMatchUITests.framework */; };
		841D1AEF227C1B98006C7CEE /* User.swift in Sources */ = {isa = PBXBuildFile; fileRef = 841D1AEE227C1B98006C7CEE /* User.swift */; };
		841D1AF2227C1FE8006C7CEE /* CardViewModel.swift in Sources */ = {isa = PBXBuildFile; fileRef = 841D1AF1227C1FE8006C7CEE /* CardViewModel.swift */; };
		841D1AF4227C246C006C7CEE /* Advertiser.swift in Sources */ = {isa = PBXBuildFile; fileRef = 841D1AF3227C246C006C7CEE /* Advertiser.swift */; };
		841D1AF6227C49B4006C7CEE /* RegistrationViewController.swift in Sources */ = {isa = PBXBuildFile; fileRef = 841D1AF5227C49B4006C7CEE /* RegistrationViewController.swift */; };
		841D1AF8227C4EBD006C7CEE /* CustomTextField.swift in Sources */ = {isa = PBXBuildFile; fileRef = 841D1AF7227C4EBD006C7CEE /* CustomTextField.swift */; };
		841D1AFA227C5FF7006C7CEE /* RegistrationViewModel.swift in Sources */ = {isa = PBXBuildFile; fileRef = 841D1AF9227C5FF7006C7CEE /* RegistrationViewModel.swift */; };
		845631AC227C6CFE005798FC /* GoogleService-Info.plist in Resources */ = {isa = PBXBuildFile; fileRef = 845631AB227C6CFD005798FC /* GoogleService-Info.plist */; };
		845631AE227C7D1B005798FC /* Bindable.swift in Sources */ = {isa = PBXBuildFile; fileRef = 845631AD227C7D1B005798FC /* Bindable.swift */; };
		A669DEF0C842591012DA7113 /* Pods_findMatch.framework in Frameworks */ = {isa = PBXBuildFile; fileRef = 7250EC3E7FAB61B49B2FEDE6 /* Pods_findMatch.framework */; };
		CDFDAEE7DCE516254DCE523E /* Pods_findMatchTests.framework in Frameworks */ = {isa = PBXBuildFile; fileRef = 4FEE9C96C1024C5D9EA96FF8 /* Pods_findMatchTests.framework */; };
		F80A10CB227B563400E7A1FB /* AppDelegate.swift in Sources */ = {isa = PBXBuildFile; fileRef = F80A10CA227B563400E7A1FB /* AppDelegate.swift */; };
		F80A10CD227B563400E7A1FB /* HomeViewController.swift in Sources */ = {isa = PBXBuildFile; fileRef = F80A10CC227B563400E7A1FB /* HomeViewController.swift */; };
		F80A10D0227B563400E7A1FB /* Main.storyboard in Resources */ = {isa = PBXBuildFile; fileRef = F80A10CE227B563400E7A1FB /* Main.storyboard */; };
		F80A10D3227B563400E7A1FB /* findMatch.xcdatamodeld in Sources */ = {isa = PBXBuildFile; fileRef = F80A10D1227B563400E7A1FB /* findMatch.xcdatamodeld */; };
		F80A10D5227B563600E7A1FB /* Assets.xcassets in Resources */ = {isa = PBXBuildFile; fileRef = F80A10D4227B563600E7A1FB /* Assets.xcassets */; };
		F80A10D8227B563600E7A1FB /* LaunchScreen.storyboard in Resources */ = {isa = PBXBuildFile; fileRef = F80A10D6227B563600E7A1FB /* LaunchScreen.storyboard */; };
		F80A10E3227B563600E7A1FB /* findMatchTests.swift in Sources */ = {isa = PBXBuildFile; fileRef = F80A10E2227B563600E7A1FB /* findMatchTests.swift */; };
		F80A10EE227B563700E7A1FB /* findMatchUITests.swift in Sources */ = {isa = PBXBuildFile; fileRef = F80A10ED227B563700E7A1FB /* findMatchUITests.swift */; };
		F80A10FC227B587A00E7A1FB /* Extensions+UIView.swift in Sources */ = {isa = PBXBuildFile; fileRef = F80A10FB227B587A00E7A1FB /* Extensions+UIView.swift */; };
		F80A1101227B5E5200E7A1FB /* HomeBottomStackView.swift in Sources */ = {isa = PBXBuildFile; fileRef = F80A1100227B5E5200E7A1FB /* HomeBottomStackView.swift */; };
		F80A1104227B63BA00E7A1FB /* HomeTopStackView.swift in Sources */ = {isa = PBXBuildFile; fileRef = F80A1103227B63BA00E7A1FB /* HomeTopStackView.swift */; };
		F80A1106227B6A5200E7A1FB /* CardView.swift in Sources */ = {isa = PBXBuildFile; fileRef = F80A1105227B6A5200E7A1FB /* CardView.swift */; };
		F8E52216227CB97100DE84C3 /* Fabric.app in Resources */ = {isa = PBXBuildFile; fileRef = F8E52215227CB96F00DE84C3 /* Fabric.app */; };
/* End PBXBuildFile section */

/* Begin PBXContainerItemProxy section */
		F80A10DF227B563600E7A1FB /* PBXContainerItemProxy */ = {
			isa = PBXContainerItemProxy;
			containerPortal = F80A10BF227B563400E7A1FB /* Project object */;
			proxyType = 1;
			remoteGlobalIDString = F80A10C6227B563400E7A1FB;
			remoteInfo = findMatch;
		};
		F80A10EA227B563700E7A1FB /* PBXContainerItemProxy */ = {
			isa = PBXContainerItemProxy;
			containerPortal = F80A10BF227B563400E7A1FB /* Project object */;
			proxyType = 1;
			remoteGlobalIDString = F80A10C6227B563400E7A1FB;
			remoteInfo = findMatch;
		};
/* End PBXContainerItemProxy section */

/* Begin PBXFileReference section */
		23D5D85467DC2E23FCA816CD /* Pods-findMatch.debug.xcconfig */ = {isa = PBXFileReference; includeInIndex = 1; lastKnownFileType = text.xcconfig; name = "Pods-findMatch.debug.xcconfig"; path = "Target Support Files/Pods-findMatch/Pods-findMatch.debug.xcconfig"; sourceTree = "<group>"; };
		4FEE9C96C1024C5D9EA96FF8 /* Pods_findMatchTests.framework */ = {isa = PBXFileReference; explicitFileType = wrapper.framework; includeInIndex = 0; path = Pods_findMatchTests.framework; sourceTree = BUILT_PRODUCTS_DIR; };
		64471EBCB6615B18A5DB3B74 /* Pods-findMatchTests.debug.xcconfig */ = {isa = PBXFileReference; includeInIndex = 1; lastKnownFileType = text.xcconfig; name = "Pods-findMatchTests.debug.xcconfig"; path = "Target Support Files/Pods-findMatchTests/Pods-findMatchTests.debug.xcconfig"; sourceTree = "<group>"; };
		7250EC3E7FAB61B49B2FEDE6 /* Pods_findMatch.framework */ = {isa = PBXFileReference; explicitFileType = wrapper.framework; includeInIndex = 0; path = Pods_findMatch.framework; sourceTree = BUILT_PRODUCTS_DIR; };
		7E6580264DBA34291325BCDD /* Pods-findMatchUITests.release.xcconfig */ = {isa = PBXFileReference; includeInIndex = 1; lastKnownFileType = text.xcconfig; name = "Pods-findMatchUITests.release.xcconfig"; path = "Target Support Files/Pods-findMatchUITests/Pods-findMatchUITests.release.xcconfig"; sourceTree = "<group>"; };
		841D1AEE227C1B98006C7CEE /* User.swift */ = {isa = PBXFileReference; lastKnownFileType = sourcecode.swift; path = User.swift; sourceTree = "<group>"; };
		841D1AF1227C1FE8006C7CEE /* CardViewModel.swift */ = {isa = PBXFileReference; lastKnownFileType = sourcecode.swift; path = CardViewModel.swift; sourceTree = "<group>"; };
		841D1AF3227C246C006C7CEE /* Advertiser.swift */ = {isa = PBXFileReference; lastKnownFileType = sourcecode.swift; path = Advertiser.swift; sourceTree = "<group>"; };
		841D1AF5227C49B4006C7CEE /* RegistrationViewController.swift */ = {isa = PBXFileReference; lastKnownFileType = sourcecode.swift; path = RegistrationViewController.swift; sourceTree = "<group>"; };
		841D1AF7227C4EBD006C7CEE /* CustomTextField.swift */ = {isa = PBXFileReference; lastKnownFileType = sourcecode.swift; path = CustomTextField.swift; sourceTree = "<group>"; };
		841D1AF9227C5FF7006C7CEE /* RegistrationViewModel.swift */ = {isa = PBXFileReference; lastKnownFileType = sourcecode.swift; path = RegistrationViewModel.swift; sourceTree = "<group>"; };
		845631AB227C6CFD005798FC /* GoogleService-Info.plist */ = {isa = PBXFileReference; fileEncoding = 4; lastKnownFileType = text.plist.xml; path = "GoogleService-Info.plist"; sourceTree = "<group>"; };
		845631AD227C7D1B005798FC /* Bindable.swift */ = {isa = PBXFileReference; lastKnownFileType = sourcecode.swift; path = Bindable.swift; sourceTree = "<group>"; };
		8AE8BBDFE0B501DAF0525FE0 /* Pods_findMatchUITests.framework */ = {isa = PBXFileReference; explicitFileType = wrapper.framework; includeInIndex = 0; path = Pods_findMatchUITests.framework; sourceTree = BUILT_PRODUCTS_DIR; };
		D965C83F5F2E97F2DE9A1FF4 /* Pods-findMatchUITests.debug.xcconfig */ = {isa = PBXFileReference; includeInIndex = 1; lastKnownFileType = text.xcconfig; name = "Pods-findMatchUITests.debug.xcconfig"; path = "Target Support Files/Pods-findMatchUITests/Pods-findMatchUITests.debug.xcconfig"; sourceTree = "<group>"; };
		E52F6698620E0174282F176D /* Pods-findMatchTests.release.xcconfig */ = {isa = PBXFileReference; includeInIndex = 1; lastKnownFileType = text.xcconfig; name = "Pods-findMatchTests.release.xcconfig"; path = "Target Support Files/Pods-findMatchTests/Pods-findMatchTests.release.xcconfig"; sourceTree = "<group>"; };
		EB0135FB015791CB6F5167A3 /* Pods-findMatch.release.xcconfig */ = {isa = PBXFileReference; includeInIndex = 1; lastKnownFileType = text.xcconfig; name = "Pods-findMatch.release.xcconfig"; path = "Target Support Files/Pods-findMatch/Pods-findMatch.release.xcconfig"; sourceTree = "<group>"; };
		F80A10C7227B563400E7A1FB /* findMatch.app */ = {isa = PBXFileReference; explicitFileType = wrapper.application; includeInIndex = 0; path = findMatch.app; sourceTree = BUILT_PRODUCTS_DIR; };
		F80A10CA227B563400E7A1FB /* AppDelegate.swift */ = {isa = PBXFileReference; lastKnownFileType = sourcecode.swift; path = AppDelegate.swift; sourceTree = "<group>"; };
		F80A10CC227B563400E7A1FB /* HomeViewController.swift */ = {isa = PBXFileReference; lastKnownFileType = sourcecode.swift; path = HomeViewController.swift; sourceTree = "<group>"; };
		F80A10CF227B563400E7A1FB /* Base */ = {isa = PBXFileReference; lastKnownFileType = file.storyboard; name = Base; path = Base.lproj/Main.storyboard; sourceTree = "<group>"; };
		F80A10D2227B563400E7A1FB /* findMatch.xcdatamodel */ = {isa = PBXFileReference; lastKnownFileType = wrapper.xcdatamodel; path = findMatch.xcdatamodel; sourceTree = "<group>"; };
		F80A10D4227B563600E7A1FB /* Assets.xcassets */ = {isa = PBXFileReference; lastKnownFileType = folder.assetcatalog; path = Assets.xcassets; sourceTree = "<group>"; };
		F80A10D7227B563600E7A1FB /* Base */ = {isa = PBXFileReference; lastKnownFileType = file.storyboard; name = Base; path = Base.lproj/LaunchScreen.storyboard; sourceTree = "<group>"; };
		F80A10D9227B563600E7A1FB /* Info.plist */ = {isa = PBXFileReference; lastKnownFileType = text.plist.xml; path = Info.plist; sourceTree = "<group>"; };
		F80A10DE227B563600E7A1FB /* findMatchTests.xctest */ = {isa = PBXFileReference; explicitFileType = wrapper.cfbundle; includeInIndex = 0; path = findMatchTests.xctest; sourceTree = BUILT_PRODUCTS_DIR; };
		F80A10E2227B563600E7A1FB /* findMatchTests.swift */ = {isa = PBXFileReference; lastKnownFileType = sourcecode.swift; path = findMatchTests.swift; sourceTree = "<group>"; };
		F80A10E4227B563600E7A1FB /* Info.plist */ = {isa = PBXFileReference; lastKnownFileType = text.plist.xml; path = Info.plist; sourceTree = "<group>"; };
		F80A10E9227B563700E7A1FB /* findMatchUITests.xctest */ = {isa = PBXFileReference; explicitFileType = wrapper.cfbundle; includeInIndex = 0; path = findMatchUITests.xctest; sourceTree = BUILT_PRODUCTS_DIR; };
		F80A10ED227B563700E7A1FB /* findMatchUITests.swift */ = {isa = PBXFileReference; lastKnownFileType = sourcecode.swift; path = findMatchUITests.swift; sourceTree = "<group>"; };
		F80A10EF227B563700E7A1FB /* Info.plist */ = {isa = PBXFileReference; lastKnownFileType = text.plist.xml; path = Info.plist; sourceTree = "<group>"; };
		F80A10FB227B587A00E7A1FB /* Extensions+UIView.swift */ = {isa = PBXFileReference; fileEncoding = 4; lastKnownFileType = sourcecode.swift; path = "Extensions+UIView.swift"; sourceTree = "<group>"; };
		F80A1100227B5E5200E7A1FB /* HomeBottomStackView.swift */ = {isa = PBXFileReference; lastKnownFileType = sourcecode.swift; path = HomeBottomStackView.swift; sourceTree = "<group>"; };
		F80A1103227B63BA00E7A1FB /* HomeTopStackView.swift */ = {isa = PBXFileReference; lastKnownFileType = sourcecode.swift; path = HomeTopStackView.swift; sourceTree = "<group>"; };
		F80A1105227B6A5200E7A1FB /* CardView.swift */ = {isa = PBXFileReference; fileEncoding = 4; lastKnownFileType = sourcecode.swift; path = CardView.swift; sourceTree = "<group>"; };
		F8E52215227CB96F00DE84C3 /* Fabric.app */ = {isa = PBXFileReference; lastKnownFileType = wrapper.application; path = Fabric.app; sourceTree = "<group>"; };
/* End PBXFileReference section */

/* Begin PBXFrameworksBuildPhase section */
		F80A10C4227B563400E7A1FB /* Frameworks */ = {
			isa = PBXFrameworksBuildPhase;
			buildActionMask = 2147483647;
			files = (
				A669DEF0C842591012DA7113 /* Pods_findMatch.framework in Frameworks */,
			);
			runOnlyForDeploymentPostprocessing = 0;
		};
		F80A10DB227B563600E7A1FB /* Frameworks */ = {
			isa = PBXFrameworksBuildPhase;
			buildActionMask = 2147483647;
			files = (
				CDFDAEE7DCE516254DCE523E /* Pods_findMatchTests.framework in Frameworks */,
			);
			runOnlyForDeploymentPostprocessing = 0;
		};
		F80A10E6227B563700E7A1FB /* Frameworks */ = {
			isa = PBXFrameworksBuildPhase;
			buildActionMask = 2147483647;
			files = (
				17B9EAF56FC52EAC937B2DC7 /* Pods_findMatchUITests.framework in Frameworks */,
			);
			runOnlyForDeploymentPostprocessing = 0;
		};
/* End PBXFrameworksBuildPhase section */

/* Begin PBXGroup section */
		354A57154B16BF9C455C2B8F /* Frameworks */ = {
			isa = PBXGroup;
			children = (
				7250EC3E7FAB61B49B2FEDE6 /* Pods_findMatch.framework */,
				4FEE9C96C1024C5D9EA96FF8 /* Pods_findMatchTests.framework */,
				8AE8BBDFE0B501DAF0525FE0 /* Pods_findMatchUITests.framework */,
			);
			name = Frameworks;
			sourceTree = "<group>";
		};
		841D1AE9227C1B3C006C7CEE /* Views */ = {
			isa = PBXGroup;
			children = (
				F80A1100227B5E5200E7A1FB /* HomeBottomStackView.swift */,
				F80A1103227B63BA00E7A1FB /* HomeTopStackView.swift */,
				F80A1105227B6A5200E7A1FB /* CardView.swift */,
				841D1AF7227C4EBD006C7CEE /* CustomTextField.swift */,
			);
			path = Views;
			sourceTree = "<group>";
		};
		841D1AEA227C1B52006C7CEE /* application */ = {
			isa = PBXGroup;
			children = (
				F80A10CE227B563400E7A1FB /* Main.storyboard */,
				F80A10CA227B563400E7A1FB /* AppDelegate.swift */,
				F80A10D4227B563600E7A1FB /* Assets.xcassets */,
				F80A10D6227B563600E7A1FB /* LaunchScreen.storyboard */,
				F80A10D1227B563400E7A1FB /* findMatch.xcdatamodeld */,
			);
			path = application;
			sourceTree = "<group>";
		};
		841D1AEB227C1B6D006C7CEE /* Extension */ = {
			isa = PBXGroup;
			children = (
				F80A10FB227B587A00E7A1FB /* Extensions+UIView.swift */,
			);
			path = Extension;
			sourceTree = "<group>";
		};
		841D1AEC227C1B74006C7CEE /* Controller */ = {
			isa = PBXGroup;
			children = (
				F80A10CC227B563400E7A1FB /* HomeViewController.swift */,
				841D1AF5227C49B4006C7CEE /* RegistrationViewController.swift */,
				845631AD227C7D1B005798FC /* Bindable.swift */,
			);
			path = Controller;
			sourceTree = "<group>";
		};
		841D1AED227C1B85006C7CEE /* Model */ = {
			isa = PBXGroup;
			children = (
				841D1AEE227C1B98006C7CEE /* User.swift */,
				841D1AF3227C246C006C7CEE /* Advertiser.swift */,
			);
			path = Model;
			sourceTree = "<group>";
		};
		841D1AF0227C1FD8006C7CEE /* View Model */ = {
			isa = PBXGroup;
			children = (
				841D1AF9227C5FF7006C7CEE /* RegistrationViewModel.swift */,
				841D1AF1227C1FE8006C7CEE /* CardViewModel.swift */,
			);
			path = "View Model";
			sourceTree = "<group>";
		};
		8477352572B3A6ED0752AB81 /* Pods */ = {
			isa = PBXGroup;
			children = (
				23D5D85467DC2E23FCA816CD /* Pods-findMatch.debug.xcconfig */,
				EB0135FB015791CB6F5167A3 /* Pods-findMatch.release.xcconfig */,
				64471EBCB6615B18A5DB3B74 /* Pods-findMatchTests.debug.xcconfig */,
				E52F6698620E0174282F176D /* Pods-findMatchTests.release.xcconfig */,
				D965C83F5F2E97F2DE9A1FF4 /* Pods-findMatchUITests.debug.xcconfig */,
				7E6580264DBA34291325BCDD /* Pods-findMatchUITests.release.xcconfig */,
			);
			path = Pods;
			sourceTree = "<group>";
		};
		F80A10BE227B563400E7A1FB = {
			isa = PBXGroup;
			children = (
				F8E52215227CB96F00DE84C3 /* Fabric.app */,
				F80A10C9227B563400E7A1FB /* findMatch */,
				F80A10E1227B563600E7A1FB /* findMatchTests */,
				F80A10EC227B563700E7A1FB /* findMatchUITests */,
				F80A10C8227B563400E7A1FB /* Products */,
				8477352572B3A6ED0752AB81 /* Pods */,
				354A57154B16BF9C455C2B8F /* Frameworks */,
			);
			sourceTree = "<group>";
		};
		F80A10C8227B563400E7A1FB /* Products */ = {
			isa = PBXGroup;
			children = (
				F80A10C7227B563400E7A1FB /* findMatch.app */,
				F80A10DE227B563600E7A1FB /* findMatchTests.xctest */,
				F80A10E9227B563700E7A1FB /* findMatchUITests.xctest */,
			);
			name = Products;
			sourceTree = "<group>";
		};
		F80A10C9227B563400E7A1FB /* findMatch */ = {
			isa = PBXGroup;
			children = (
				841D1AEB227C1B6D006C7CEE /* Extension */,
				841D1AF0227C1FD8006C7CEE /* View Model */,
				841D1AED227C1B85006C7CEE /* Model */,
				841D1AE9227C1B3C006C7CEE /* Views */,
				841D1AEC227C1B74006C7CEE /* Controller */,
				841D1AEA227C1B52006C7CEE /* application */,
				F80A10D9227B563600E7A1FB /* Info.plist */,
				845631AB227C6CFD005798FC /* GoogleService-Info.plist */,
			);
			path = findMatch;
			sourceTree = "<group>";
		};
		F80A10E1227B563600E7A1FB /* findMatchTests */ = {
			isa = PBXGroup;
			children = (
				F80A10E2227B563600E7A1FB /* findMatchTests.swift */,
				F80A10E4227B563600E7A1FB /* Info.plist */,
			);
			path = findMatchTests;
			sourceTree = "<group>";
		};
		F80A10EC227B563700E7A1FB /* findMatchUITests */ = {
			isa = PBXGroup;
			children = (
				F80A10ED227B563700E7A1FB /* findMatchUITests.swift */,
				F80A10EF227B563700E7A1FB /* Info.plist */,
			);
			path = findMatchUITests;
			sourceTree = "<group>";
		};
/* End PBXGroup section */

/* Begin PBXNativeTarget section */
		F80A10C6227B563400E7A1FB /* findMatch */ = {
			isa = PBXNativeTarget;
			buildConfigurationList = F80A10F2227B563700E7A1FB /* Build configuration list for PBXNativeTarget "findMatch" */;
			buildPhases = (
				61F057561A68D23E19ACF2DE /* [CP] Check Pods Manifest.lock */,
				F80A10C3227B563400E7A1FB /* Sources */,
				F80A10C4227B563400E7A1FB /* Frameworks */,
				F80A10C5227B563400E7A1FB /* Resources */,
				28DBDC77F159A31C2881321E /* [CP] Embed Pods Frameworks */,
			);
			buildRules = (
			);
			dependencies = (
			);
			name = findMatch;
			productName = findMatch;
			productReference = F80A10C7227B563400E7A1FB /* findMatch.app */;
			productType = "com.apple.product-type.application";
		};
		F80A10DD227B563600E7A1FB /* findMatchTests */ = {
			isa = PBXNativeTarget;
			buildConfigurationList = F80A10F5227B563700E7A1FB /* Build configuration list for PBXNativeTarget "findMatchTests" */;
			buildPhases = (
				AF4CF2D5C26E5DAAAF2042E9 /* [CP] Check Pods Manifest.lock */,
				F80A10DA227B563600E7A1FB /* Sources */,
				F80A10DB227B563600E7A1FB /* Frameworks */,
				F80A10DC227B563600E7A1FB /* Resources */,
			);
			buildRules = (
			);
			dependencies = (
				F80A10E0227B563600E7A1FB /* PBXTargetDependency */,
			);
			name = findMatchTests;
			productName = findMatchTests;
			productReference = F80A10DE227B563600E7A1FB /* findMatchTests.xctest */;
			productType = "com.apple.product-type.bundle.unit-test";
		};
		F80A10E8227B563700E7A1FB /* findMatchUITests */ = {
			isa = PBXNativeTarget;
			buildConfigurationList = F80A10F8227B563700E7A1FB /* Build configuration list for PBXNativeTarget "findMatchUITests" */;
			buildPhases = (
				6B485A6A8AA48FCDCD58466A /* [CP] Check Pods Manifest.lock */,
				F80A10E5227B563700E7A1FB /* Sources */,
				F80A10E6227B563700E7A1FB /* Frameworks */,
				F80A10E7227B563700E7A1FB /* Resources */,
			);
			buildRules = (
			);
			dependencies = (
				F80A10EB227B563700E7A1FB /* PBXTargetDependency */,
			);
			name = findMatchUITests;
			productName = findMatchUITests;
			productReference = F80A10E9227B563700E7A1FB /* findMatchUITests.xctest */;
			productType = "com.apple.product-type.bundle.ui-testing";
		};
/* End PBXNativeTarget section */

/* Begin PBXProject section */
		F80A10BF227B563400E7A1FB /* Project object */ = {
			isa = PBXProject;
			attributes = {
				LastSwiftUpdateCheck = 1020;
				LastUpgradeCheck = 1020;
				ORGANIZATIONNAME = "Tarun Sharma";
				TargetAttributes = {
					F80A10C6227B563400E7A1FB = {
						CreatedOnToolsVersion = 10.2.1;
					};
					F80A10DD227B563600E7A1FB = {
						CreatedOnToolsVersion = 10.2.1;
						TestTargetID = F80A10C6227B563400E7A1FB;
					};
					F80A10E8227B563700E7A1FB = {
						CreatedOnToolsVersion = 10.2.1;
						TestTargetID = F80A10C6227B563400E7A1FB;
					};
				};
			};
			buildConfigurationList = F80A10C2227B563400E7A1FB /* Build configuration list for PBXProject "findMatch" */;
			compatibilityVersion = "Xcode 9.3";
			developmentRegion = en;
			hasScannedForEncodings = 0;
			knownRegions = (
				en,
				Base,
			);
			mainGroup = F80A10BE227B563400E7A1FB;
			productRefGroup = F80A10C8227B563400E7A1FB /* Products */;
			projectDirPath = "";
			projectRoot = "";
			targets = (
				F80A10C6227B563400E7A1FB /* findMatch */,
				F80A10DD227B563600E7A1FB /* findMatchTests */,
				F80A10E8227B563700E7A1FB /* findMatchUITests */,
			);
		};
/* End PBXProject section */

/* Begin PBXResourcesBuildPhase section */
		F80A10C5227B563400E7A1FB /* Resources */ = {
			isa = PBXResourcesBuildPhase;
			buildActionMask = 2147483647;
			files = (
				F80A10D8227B563600E7A1FB /* LaunchScreen.storyboard in Resources */,
				845631AC227C6CFE005798FC /* GoogleService-Info.plist in Resources */,
				F8E52216227CB97100DE84C3 /* Fabric.app in Resources */,
				F80A10D5227B563600E7A1FB /* Assets.xcassets in Resources */,
				F80A10D0227B563400E7A1FB /* Main.storyboard in Resources */,
			);
			runOnlyForDeploymentPostprocessing = 0;
		};
		F80A10DC227B563600E7A1FB /* Resources */ = {
			isa = PBXResourcesBuildPhase;
			buildActionMask = 2147483647;
			files = (
			);
			runOnlyForDeploymentPostprocessing = 0;
		};
		F80A10E7227B563700E7A1FB /* Resources */ = {
			isa = PBXResourcesBuildPhase;
			buildActionMask = 2147483647;
			files = (
			);
			runOnlyForDeploymentPostprocessing = 0;
		};
/* End PBXResourcesBuildPhase section */

/* Begin PBXShellScriptBuildPhase section */
		28DBDC77F159A31C2881321E /* [CP] Embed Pods Frameworks */ = {
			isa = PBXShellScriptBuildPhase;
			buildActionMask = 2147483647;
			files = (
			);
			inputFileListPaths = (
			);
			inputPaths = (
				"${PODS_ROOT}/Target Support Files/Pods-findMatch/Pods-findMatch-frameworks.sh",
				"${BUILT_PRODUCTS_DIR}/BoringSSL-GRPC/openssl_grpc.framework",
				"${BUILT_PRODUCTS_DIR}/GTMSessionFetcher/GTMSessionFetcher.framework",
				"${BUILT_PRODUCTS_DIR}/GoogleUtilities/GoogleUtilities.framework",
				"${BUILT_PRODUCTS_DIR}/JGProgressHUD/JGProgressHUD.framework",
				"${BUILT_PRODUCTS_DIR}/Protobuf/Protobuf.framework",
				"${BUILT_PRODUCTS_DIR}/SDWebImage/SDWebImage.framework",
				"${BUILT_PRODUCTS_DIR}/gRPC-C++/grpcpp.framework",
				"${BUILT_PRODUCTS_DIR}/gRPC-Core/grpc.framework",
				"${BUILT_PRODUCTS_DIR}/leveldb-library/leveldb.framework",
				"${BUILT_PRODUCTS_DIR}/nanopb/nanopb.framework",
			);
			name = "[CP] Embed Pods Frameworks";
			outputFileListPaths = (
			);
			outputPaths = (
				"${TARGET_BUILD_DIR}/${FRAMEWORKS_FOLDER_PATH}/openssl_grpc.framework",
				"${TARGET_BUILD_DIR}/${FRAMEWORKS_FOLDER_PATH}/GTMSessionFetcher.framework",
				"${TARGET_BUILD_DIR}/${FRAMEWORKS_FOLDER_PATH}/GoogleUtilities.framework",
				"${TARGET_BUILD_DIR}/${FRAMEWORKS_FOLDER_PATH}/JGProgressHUD.framework",
				"${TARGET_BUILD_DIR}/${FRAMEWORKS_FOLDER_PATH}/Protobuf.framework",
				"${TARGET_BUILD_DIR}/${FRAMEWORKS_FOLDER_PATH}/SDWebImage.framework",
				"${TARGET_BUILD_DIR}/${FRAMEWORKS_FOLDER_PATH}/grpcpp.framework",
				"${TARGET_BUILD_DIR}/${FRAMEWORKS_FOLDER_PATH}/grpc.framework",
				"${TARGET_BUILD_DIR}/${FRAMEWORKS_FOLDER_PATH}/leveldb.framework",
				"${TARGET_BUILD_DIR}/${FRAMEWORKS_FOLDER_PATH}/nanopb.framework",
			);
			runOnlyForDeploymentPostprocessing = 0;
			shellPath = /bin/sh;
			shellScript = "\"${PODS_ROOT}/Target Support Files/Pods-findMatch/Pods-findMatch-frameworks.sh\"\n";
			showEnvVarsInLog = 0;
		};
		61F057561A68D23E19ACF2DE /* [CP] Check Pods Manifest.lock */ = {
			isa = PBXShellScriptBuildPhase;
			buildActionMask = 2147483647;
			files = (
			);
			inputFileListPaths = (
			);
			inputPaths = (
				"${PODS_PODFILE_DIR_PATH}/Podfile.lock",
				"${PODS_ROOT}/Manifest.lock",
			);
			name = "[CP] Check Pods Manifest.lock";
			outputFileListPaths = (
			);
			outputPaths = (
				"$(DERIVED_FILE_DIR)/Pods-findMatch-checkManifestLockResult.txt",
			);
			runOnlyForDeploymentPostprocessing = 0;
			shellPath = /bin/sh;
			shellScript = "diff \"${PODS_PODFILE_DIR_PATH}/Podfile.lock\" \"${PODS_ROOT}/Manifest.lock\" > /dev/null\nif [ $? != 0 ] ; then\n    # print error to STDERR\n    echo \"error: The sandbox is not in sync with the Podfile.lock. Run 'pod install' or update your CocoaPods installation.\" >&2\n    exit 1\nfi\n# This output is used by Xcode 'outputs' to avoid re-running this script phase.\necho \"SUCCESS\" > \"${SCRIPT_OUTPUT_FILE_0}\"\n";
			showEnvVarsInLog = 0;
		};
		6B485A6A8AA48FCDCD58466A /* [CP] Check Pods Manifest.lock */ = {
			isa = PBXShellScriptBuildPhase;
			buildActionMask = 2147483647;
			files = (
			);
			inputFileListPaths = (
			);
			inputPaths = (
				"${PODS_PODFILE_DIR_PATH}/Podfile.lock",
				"${PODS_ROOT}/Manifest.lock",
			);
			name = "[CP] Check Pods Manifest.lock";
			outputFileListPaths = (
			);
			outputPaths = (
				"$(DERIVED_FILE_DIR)/Pods-findMatchUITests-checkManifestLockResult.txt",
			);
			runOnlyForDeploymentPostprocessing = 0;
			shellPath = /bin/sh;
			shellScript = "diff \"${PODS_PODFILE_DIR_PATH}/Podfile.lock\" \"${PODS_ROOT}/Manifest.lock\" > /dev/null\nif [ $? != 0 ] ; then\n    # print error to STDERR\n    echo \"error: The sandbox is not in sync with the Podfile.lock. Run 'pod install' or update your CocoaPods installation.\" >&2\n    exit 1\nfi\n# This output is used by Xcode 'outputs' to avoid re-running this script phase.\necho \"SUCCESS\" > \"${SCRIPT_OUTPUT_FILE_0}\"\n";
			showEnvVarsInLog = 0;
		};
		AF4CF2D5C26E5DAAAF2042E9 /* [CP] Check Pods Manifest.lock */ = {
			isa = PBXShellScriptBuildPhase;
			buildActionMask = 2147483647;
			files = (
			);
			inputFileListPaths = (
			);
			inputPaths = (
				"${PODS_PODFILE_DIR_PATH}/Podfile.lock",
				"${PODS_ROOT}/Manifest.lock",
			);
			name = "[CP] Check Pods Manifest.lock";
			outputFileListPaths = (
			);
			outputPaths = (
				"$(DERIVED_FILE_DIR)/Pods-findMatchTests-checkManifestLockResult.txt",
			);
			runOnlyForDeploymentPostprocessing = 0;
			shellPath = /bin/sh;
			shellScript = "diff \"${PODS_PODFILE_DIR_PATH}/Podfile.lock\" \"${PODS_ROOT}/Manifest.lock\" > /dev/null\nif [ $? != 0 ] ; then\n    # print error to STDERR\n    echo \"error: The sandbox is not in sync with the Podfile.lock. Run 'pod install' or update your CocoaPods installation.\" >&2\n    exit 1\nfi\n# This output is used by Xcode 'outputs' to avoid re-running this script phase.\necho \"SUCCESS\" > \"${SCRIPT_OUTPUT_FILE_0}\"\n";
			showEnvVarsInLog = 0;
		};
/* End PBXShellScriptBuildPhase section */

/* Begin PBXSourcesBuildPhase section */
		F80A10C3227B563400E7A1FB /* Sources */ = {
			isa = PBXSourcesBuildPhase;
			buildActionMask = 2147483647;
			files = (
				841D1AF4227C246C006C7CEE /* Advertiser.swift in Sources */,
				F80A1106227B6A5200E7A1FB /* CardView.swift in Sources */,
				F80A1104227B63BA00E7A1FB /* HomeTopStackView.swift in Sources */,
				841D1AF6227C49B4006C7CEE /* RegistrationViewController.swift in Sources */,
				F80A1101227B5E5200E7A1FB /* HomeBottomStackView.swift in Sources */,
				F80A10CD227B563400E7A1FB /* HomeViewController.swift in Sources */,
				841D1AEF227C1B98006C7CEE /* User.swift in Sources */,
				F80A10CB227B563400E7A1FB /* AppDelegate.swift in Sources */,
				845631AE227C7D1B005798FC /* Bindable.swift in Sources */,
				841D1AF8227C4EBD006C7CEE /* CustomTextField.swift in Sources */,
				841D1AFA227C5FF7006C7CEE /* RegistrationViewModel.swift in Sources */,
				F80A10FC227B587A00E7A1FB /* Extensions+UIView.swift in Sources */,
				F80A10D3227B563400E7A1FB /* findMatch.xcdatamodeld in Sources */,
				841D1AF2227C1FE8006C7CEE /* CardViewModel.swift in Sources */,
			);
			runOnlyForDeploymentPostprocessing = 0;
		};
		F80A10DA227B563600E7A1FB /* Sources */ = {
			isa = PBXSourcesBuildPhase;
			buildActionMask = 2147483647;
			files = (
				F80A10E3227B563600E7A1FB /* findMatchTests.swift in Sources */,
			);
			runOnlyForDeploymentPostprocessing = 0;
		};
		F80A10E5227B563700E7A1FB /* Sources */ = {
			isa = PBXSourcesBuildPhase;
			buildActionMask = 2147483647;
			files = (
				F80A10EE227B563700E7A1FB /* findMatchUITests.swift in Sources */,
			);
			runOnlyForDeploymentPostprocessing = 0;
		};
/* End PBXSourcesBuildPhase section */

/* Begin PBXTargetDependency section */
		F80A10E0227B563600E7A1FB /* PBXTargetDependency */ = {
			isa = PBXTargetDependency;
			target = F80A10C6227B563400E7A1FB /* findMatch */;
			targetProxy = F80A10DF227B563600E7A1FB /* PBXContainerItemProxy */;
		};
		F80A10EB227B563700E7A1FB /* PBXTargetDependency */ = {
			isa = PBXTargetDependency;
			target = F80A10C6227B563400E7A1FB /* findMatch */;
			targetProxy = F80A10EA227B563700E7A1FB /* PBXContainerItemProxy */;
		};
/* End PBXTargetDependency section */

/* Begin PBXVariantGroup section */
		F80A10CE227B563400E7A1FB /* Main.storyboard */ = {
			isa = PBXVariantGroup;
			children = (
				F80A10CF227B563400E7A1FB /* Base */,
			);
			name = Main.storyboard;
			sourceTree = "<group>";
		};
		F80A10D6227B563600E7A1FB /* LaunchScreen.storyboard */ = {
			isa = PBXVariantGroup;
			children = (
				F80A10D7227B563600E7A1FB /* Base */,
			);
			name = LaunchScreen.storyboard;
			sourceTree = "<group>";
		};
/* End PBXVariantGroup section */

/* Begin XCBuildConfiguration section */
		F80A10F0227B563700E7A1FB /* Debug */ = {
			isa = XCBuildConfiguration;
			buildSettings = {
				ALWAYS_SEARCH_USER_PATHS = NO;
				CLANG_ANALYZER_NONNULL = YES;
				CLANG_ANALYZER_NUMBER_OBJECT_CONVERSION = YES_AGGRESSIVE;
				CLANG_CXX_LANGUAGE_STANDARD = "gnu++14";
				CLANG_CXX_LIBRARY = "libc++";
				CLANG_ENABLE_MODULES = YES;
				CLANG_ENABLE_OBJC_ARC = YES;
				CLANG_ENABLE_OBJC_WEAK = YES;
				CLANG_WARN_BLOCK_CAPTURE_AUTORELEASING = YES;
				CLANG_WARN_BOOL_CONVERSION = YES;
				CLANG_WARN_COMMA = YES;
				CLANG_WARN_CONSTANT_CONVERSION = YES;
				CLANG_WARN_DEPRECATED_OBJC_IMPLEMENTATIONS = YES;
				CLANG_WARN_DIRECT_OBJC_ISA_USAGE = YES_ERROR;
				CLANG_WARN_DOCUMENTATION_COMMENTS = YES;
				CLANG_WARN_EMPTY_BODY = YES;
				CLANG_WARN_ENUM_CONVERSION = YES;
				CLANG_WARN_INFINITE_RECURSION = YES;
				CLANG_WARN_INT_CONVERSION = YES;
				CLANG_WARN_NON_LITERAL_NULL_CONVERSION = YES;
				CLANG_WARN_OBJC_IMPLICIT_RETAIN_SELF = YES;
				CLANG_WARN_OBJC_LITERAL_CONVERSION = YES;
				CLANG_WARN_OBJC_ROOT_CLASS = YES_ERROR;
				CLANG_WARN_RANGE_LOOP_ANALYSIS = YES;
				CLANG_WARN_STRICT_PROTOTYPES = YES;
				CLANG_WARN_SUSPICIOUS_MOVE = YES;
				CLANG_WARN_UNGUARDED_AVAILABILITY = YES_AGGRESSIVE;
				CLANG_WARN_UNREACHABLE_CODE = YES;
				CLANG_WARN__DUPLICATE_METHOD_MATCH = YES;
				CODE_SIGN_IDENTITY = "iPhone Developer";
				COPY_PHASE_STRIP = NO;
				DEBUG_INFORMATION_FORMAT = dwarf;
				ENABLE_STRICT_OBJC_MSGSEND = YES;
				ENABLE_TESTABILITY = YES;
				GCC_C_LANGUAGE_STANDARD = gnu11;
				GCC_DYNAMIC_NO_PIC = NO;
				GCC_NO_COMMON_BLOCKS = YES;
				GCC_OPTIMIZATION_LEVEL = 0;
				GCC_PREPROCESSOR_DEFINITIONS = (
					"DEBUG=1",
					"$(inherited)",
				);
				GCC_WARN_64_TO_32_BIT_CONVERSION = YES;
				GCC_WARN_ABOUT_RETURN_TYPE = YES_ERROR;
				GCC_WARN_UNDECLARED_SELECTOR = YES;
				GCC_WARN_UNINITIALIZED_AUTOS = YES_AGGRESSIVE;
				GCC_WARN_UNUSED_FUNCTION = YES;
				GCC_WARN_UNUSED_VARIABLE = YES;
				IPHONEOS_DEPLOYMENT_TARGET = 12.2;
				MTL_ENABLE_DEBUG_INFO = INCLUDE_SOURCE;
				MTL_FAST_MATH = YES;
				ONLY_ACTIVE_ARCH = YES;
				SDKROOT = iphoneos;
				SWIFT_ACTIVE_COMPILATION_CONDITIONS = DEBUG;
				SWIFT_OPTIMIZATION_LEVEL = "-Onone";
			};
			name = Debug;
		};
		F80A10F1227B563700E7A1FB /* Release */ = {
			isa = XCBuildConfiguration;
			buildSettings = {
				ALWAYS_SEARCH_USER_PATHS = NO;
				CLANG_ANALYZER_NONNULL = YES;
				CLANG_ANALYZER_NUMBER_OBJECT_CONVERSION = YES_AGGRESSIVE;
				CLANG_CXX_LANGUAGE_STANDARD = "gnu++14";
				CLANG_CXX_LIBRARY = "libc++";
				CLANG_ENABLE_MODULES = YES;
				CLANG_ENABLE_OBJC_ARC = YES;
				CLANG_ENABLE_OBJC_WEAK = YES;
				CLANG_WARN_BLOCK_CAPTURE_AUTORELEASING = YES;
				CLANG_WARN_BOOL_CONVERSION = YES;
				CLANG_WARN_COMMA = YES;
				CLANG_WARN_CONSTANT_CONVERSION = YES;
				CLANG_WARN_DEPRECATED_OBJC_IMPLEMENTATIONS = YES;
				CLANG_WARN_DIRECT_OBJC_ISA_USAGE = YES_ERROR;
				CLANG_WARN_DOCUMENTATION_COMMENTS = YES;
				CLANG_WARN_EMPTY_BODY = YES;
				CLANG_WARN_ENUM_CONVERSION = YES;
				CLANG_WARN_INFINITE_RECURSION = YES;
				CLANG_WARN_INT_CONVERSION = YES;
				CLANG_WARN_NON_LITERAL_NULL_CONVERSION = YES;
				CLANG_WARN_OBJC_IMPLICIT_RETAIN_SELF = YES;
				CLANG_WARN_OBJC_LITERAL_CONVERSION = YES;
				CLANG_WARN_OBJC_ROOT_CLASS = YES_ERROR;
				CLANG_WARN_RANGE_LOOP_ANALYSIS = YES;
				CLANG_WARN_STRICT_PROTOTYPES = YES;
				CLANG_WARN_SUSPICIOUS_MOVE = YES;
				CLANG_WARN_UNGUARDED_AVAILABILITY = YES_AGGRESSIVE;
				CLANG_WARN_UNREACHABLE_CODE = YES;
				CLANG_WARN__DUPLICATE_METHOD_MATCH = YES;
				CODE_SIGN_IDENTITY = "iPhone Developer";
				COPY_PHASE_STRIP = NO;
				DEBUG_INFORMATION_FORMAT = "dwarf-with-dsym";
				ENABLE_NS_ASSERTIONS = NO;
				ENABLE_STRICT_OBJC_MSGSEND = YES;
				GCC_C_LANGUAGE_STANDARD = gnu11;
				GCC_NO_COMMON_BLOCKS = YES;
				GCC_WARN_64_TO_32_BIT_CONVERSION = YES;
				GCC_WARN_ABOUT_RETURN_TYPE = YES_ERROR;
				GCC_WARN_UNDECLARED_SELECTOR = YES;
				GCC_WARN_UNINITIALIZED_AUTOS = YES_AGGRESSIVE;
				GCC_WARN_UNUSED_FUNCTION = YES;
				GCC_WARN_UNUSED_VARIABLE = YES;
				IPHONEOS_DEPLOYMENT_TARGET = 12.2;
				MTL_ENABLE_DEBUG_INFO = NO;
				MTL_FAST_MATH = YES;
				SDKROOT = iphoneos;
				SWIFT_COMPILATION_MODE = wholemodule;
				SWIFT_OPTIMIZATION_LEVEL = "-O";
				VALIDATE_PRODUCT = YES;
			};
			name = Release;
		};
		F80A10F3227B563700E7A1FB /* Debug */ = {
			isa = XCBuildConfiguration;
			baseConfigurationReference = 23D5D85467DC2E23FCA816CD /* Pods-findMatch.debug.xcconfig */;
			buildSettings = {
				ASSETCATALOG_COMPILER_APPICON_NAME = AppIcon;
				CODE_SIGN_IDENTITY = "iPhone Developer";
				CODE_SIGN_STYLE = Manual;
				DEVELOPMENT_TEAM = "";
				INFOPLIST_FILE = findMatch/Info.plist;
				LD_RUNPATH_SEARCH_PATHS = (
					"$(inherited)",
					"@executable_path/Frameworks",
				);
				PRODUCT_BUNDLE_IDENTIFIER = edu.Self.findMatch;
				PRODUCT_NAME = "$(TARGET_NAME)";
				PROVISIONING_PROFILE_SPECIFIER = "";
				SWIFT_VERSION = 5.0;
				TARGETED_DEVICE_FAMILY = "1,2";
			};
			name = Debug;
		};
		F80A10F4227B563700E7A1FB /* Release */ = {
			isa = XCBuildConfiguration;
			baseConfigurationReference = EB0135FB015791CB6F5167A3 /* Pods-findMatch.release.xcconfig */;
			buildSettings = {
				ASSETCATALOG_COMPILER_APPICON_NAME = AppIcon;
				CODE_SIGN_IDENTITY = "iPhone Developer";
				CODE_SIGN_STYLE = Manual;
				DEVELOPMENT_TEAM = "";
				INFOPLIST_FILE = findMatch/Info.plist;
				LD_RUNPATH_SEARCH_PATHS = (
					"$(inherited)",
					"@executable_path/Frameworks",
				);
				PRODUCT_BUNDLE_IDENTIFIER = edu.Self.findMatch;
				PRODUCT_NAME = "$(TARGET_NAME)";
				PROVISIONING_PROFILE_SPECIFIER = "";
				SWIFT_VERSION = 5.0;
				TARGETED_DEVICE_FAMILY = "1,2";
			};
			name = Release;
		};
		F80A10F6227B563700E7A1FB /* Debug */ = {
			isa = XCBuildConfiguration;
			baseConfigurationReference = 64471EBCB6615B18A5DB3B74 /* Pods-findMatchTests.debug.xcconfig */;
			buildSettings = {
				ALWAYS_EMBED_SWIFT_STANDARD_LIBRARIES = YES;
				BUNDLE_LOADER = "$(TEST_HOST)";
				CODE_SIGN_STYLE = Automatic;
				DEVELOPMENT_TEAM = RCU9H55JRU;
				INFOPLIST_FILE = findMatchTests/Info.plist;
				LD_RUNPATH_SEARCH_PATHS = (
					"$(inherited)",
					"@executable_path/Frameworks",
					"@loader_path/Frameworks",
				);
				PRODUCT_BUNDLE_IDENTIFIER = edu.Self.findMatchTests;
				PRODUCT_NAME = "$(TARGET_NAME)";
				SWIFT_VERSION = 5.0;
				TARGETED_DEVICE_FAMILY = "1,2";
				TEST_HOST = "$(BUILT_PRODUCTS_DIR)/findMatch.app/findMatch";
			};
			name = Debug;
		};
		F80A10F7227B563700E7A1FB /* Release */ = {
			isa = XCBuildConfiguration;
			baseConfigurationReference = E52F6698620E0174282F176D /* Pods-findMatchTests.release.xcconfig */;
			buildSettings = {
				ALWAYS_EMBED_SWIFT_STANDARD_LIBRARIES = YES;
				BUNDLE_LOADER = "$(TEST_HOST)";
				CODE_SIGN_STYLE = Automatic;
				DEVELOPMENT_TEAM = RCU9H55JRU;
				INFOPLIST_FILE = findMatchTests/Info.plist;
				LD_RUNPATH_SEARCH_PATHS = (
					"$(inherited)",
					"@executable_path/Frameworks",
					"@loader_path/Frameworks",
				);
				PRODUCT_BUNDLE_IDENTIFIER = edu.Self.findMatchTests;
				PRODUCT_NAME = "$(TARGET_NAME)";
				SWIFT_VERSION = 5.0;
				TARGETED_DEVICE_FAMILY = "1,2";
				TEST_HOST = "$(BUILT_PRODUCTS_DIR)/findMatch.app/findMatch";
			};
			name = Release;
		};
		F80A10F9227B563700E7A1FB /* Debug */ = {
			isa = XCBuildConfiguration;
			baseConfigurationReference = D965C83F5F2E97F2DE9A1FF4 /* Pods-findMatchUITests.debug.xcconfig */;
			buildSettings = {
				ALWAYS_EMBED_SWIFT_STANDARD_LIBRARIES = YES;
				CODE_SIGN_STYLE = Automatic;
				DEVELOPMENT_TEAM = RCU9H55JRU;
				INFOPLIST_FILE = findMatchUITests/Info.plist;
				LD_RUNPATH_SEARCH_PATHS = (
					"$(inherited)",
					"@executable_path/Frameworks",
					"@loader_path/Frameworks",
				);
				PRODUCT_BUNDLE_IDENTIFIER = edu.Self.findMatchUITests;
				PRODUCT_NAME = "$(TARGET_NAME)";
				SWIFT_VERSION = 5.0;
				TARGETED_DEVICE_FAMILY = "1,2";
				TEST_TARGET_NAME = findMatch;
			};
			name = Debug;
		};
		F80A10FA227B563700E7A1FB /* Release */ = {
			isa = XCBuildConfiguration;
			baseConfigurationReference = 7E6580264DBA34291325BCDD /* Pods-findMatchUITests.release.xcconfig */;
			buildSettings = {
				ALWAYS_EMBED_SWIFT_STANDARD_LIBRARIES = YES;
				CODE_SIGN_STYLE = Automatic;
				DEVELOPMENT_TEAM = RCU9H55JRU;
				INFOPLIST_FILE = findMatchUITests/Info.plist;
				LD_RUNPATH_SEARCH_PATHS = (
					"$(inherited)",
					"@executable_path/Frameworks",
					"@loader_path/Frameworks",
				);
				PRODUCT_BUNDLE_IDENTIFIER = edu.Self.findMatchUITests;
				PRODUCT_NAME = "$(TARGET_NAME)";
				SWIFT_VERSION = 5.0;
				TARGETED_DEVICE_FAMILY = "1,2";
				TEST_TARGET_NAME = findMatch;
			};
			name = Release;
		};
/* End XCBuildConfiguration section */

/* Begin XCConfigurationList section */
		F80A10C2227B563400E7A1FB /* Build configuration list for PBXProject "findMatch" */ = {
			isa = XCConfigurationList;
			buildConfigurations = (
				F80A10F0227B563700E7A1FB /* Debug */,
				F80A10F1227B563700E7A1FB /* Release */,
			);
			defaultConfigurationIsVisible = 0;
			defaultConfigurationName = Release;
		};
		F80A10F2227B563700E7A1FB /* Build configuration list for PBXNativeTarget "findMatch" */ = {
			isa = XCConfigurationList;
			buildConfigurations = (
				F80A10F3227B563700E7A1FB /* Debug */,
				F80A10F4227B563700E7A1FB /* Release */,
			);
			defaultConfigurationIsVisible = 0;
			defaultConfigurationName = Release;
		};
		F80A10F5227B563700E7A1FB /* Build configuration list for PBXNativeTarget "findMatchTests" */ = {
			isa = XCConfigurationList;
			buildConfigurations = (
				F80A10F6227B563700E7A1FB /* Debug */,
				F80A10F7227B563700E7A1FB /* Release */,
			);
			defaultConfigurationIsVisible = 0;
			defaultConfigurationName = Release;
		};
		F80A10F8227B563700E7A1FB /* Build configuration list for PBXNativeTarget "findMatchUITests" */ = {
			isa = XCConfigurationList;
			buildConfigurations = (
				F80A10F9227B563700E7A1FB /* Debug */,
				F80A10FA227B563700E7A1FB /* Release */,
			);
			defaultConfigurationIsVisible = 0;
			defaultConfigurationName = Release;
		};
/* End XCConfigurationList section */

/* Begin XCVersionGroup section */
		F80A10D1227B563400E7A1FB /* findMatch.xcdatamodeld */ = {
			isa = XCVersionGroup;
			children = (
				F80A10D2227B563400E7A1FB /* findMatch.xcdatamodel */,
			);
			currentVersion = F80A10D2227B563400E7A1FB /* findMatch.xcdatamodel */;
			path = findMatch.xcdatamodeld;
			sourceTree = "<group>";
			versionGroupType = wrapper.xcdatamodel;
		};
/* End XCVersionGroup section */
	};
	rootObject = F80A10BF227B563400E7A1FB /* Project object */;
}
