// !$*UTF8*$!
{
	archiveVersion = 1;
	classes = {
	};
	objectVersion = 50;
	objects = {

/* Begin PBXBuildFile section */
		841D1AEF227C1B98006C7CEE /* User.swift in Sources */ = {isa = PBXBuildFile; fileRef = 841D1AEE227C1B98006C7CEE /* User.swift */; };
		841D1AF2227C1FE8006C7CEE /* CardViewModel.swift in Sources */ = {isa = PBXBuildFile; fileRef = 841D1AF1227C1FE8006C7CEE /* CardViewModel.swift */; };
		841D1AF4227C246C006C7CEE /* Advertiser.swift in Sources */ = {isa = PBXBuildFile; fileRef = 841D1AF3227C246C006C7CEE /* Advertiser.swift */; };
		841D1AF6227C49B4006C7CEE /* RegistrationViewController.swift in Sources */ = {isa = PBXBuildFile; fileRef = 841D1AF5227C49B4006C7CEE /* RegistrationViewController.swift */; };
		841D1AF8227C4EBD006C7CEE /* CustomTextField.swift in Sources */ = {isa = PBXBuildFile; fileRef = 841D1AF7227C4EBD006C7CEE /* CustomTextField.swift */; };
		F80A10CB227B563400E7A1FB /* AppDelegate.swift in Sources */ = {isa = PBXBuildFile; fileRef = F80A10CA227B563400E7A1FB /* AppDelegate.swift */; };
		F80A10CD227B563400E7A1FB /* HomeViewController.swift in Sources */ = {isa = PBXBuildFile; fileRef = F80A10CC227B563400E7A1FB /* HomeViewController.swift */; };
		F80A10D0227B563400E7A1FB /* Main.storyboard in Resources */ = {isa = PBXBuildFile; fileRef = F80A10CE227B563400E7A1FB /* Main.storyboard */; };
		F80A10D3227B563400E7A1FB /* findMatch.xcdatamodeld in Sources */ = {isa = PBXBuildFile; fileRef = F80A10D1227B563400E7A1FB /* findMatch.xcdatamodeld */; };
		F80A10D5227B563600E7A1FB /* Assets.xcassets in Resources */ = {isa = PBXBuildFile; fileRef = F80A10D4227B563600E7A1FB /* Assets.xcassets */; };
		F80A10D8227B563600E7A1FB /* LaunchScreen.storyboard in Resources */ = {isa = PBXBuildFile; fileRef = F80A10D6227B563600E7A1FB /* LaunchScreen.storyboard */; };
		F80A10E3227B563600E7A1FB /* findMatchTests.swift in Sources */ = {isa = PBXBuildFile; fileRef = F80A10E2227B563600E7A1FB /* findMatchTests.swift */; };
		F80A10EE227B563700E7A1FB /* findMatchUITests.swift in Sources */ = {isa = PBXBuildFile; fileRef = F80A10ED227B563700E7A1FB /* findMatchUITests.swift */; };
		F80A10FC227B587A00E7A1FB /* Extensions+UIView.swift in Sources */ = {isa = PBXBuildFile; fileRef = F80A10FB227B587A00E7A1FB /* Extensions+UIView.swift */; };
		F80A1101227B5E5200E7A1FB /* HomeBottomStackView.swift in Sources */ = {isa = PBXBuildFile; fileRef = F80A1100227B5E5200E7A1FB /* HomeBottomStackView.swift */; };
		F80A1104227B63BA00E7A1FB /* HomeTopStackView.swift in Sources */ = {isa = PBXBuildFile; fileRef = F80A1103227B63BA00E7A1FB /* HomeTopStackView.swift */; };
		F80A1106227B6A5200E7A1FB /* CardView.swift in Sources */ = {isa = PBXBuildFile; fileRef = F80A1105227B6A5200E7A1FB /* CardView.swift */; };
/* End PBXBuildFile section */

/* Begin PBXContainerItemProxy section */
		F80A10DF227B563600E7A1FB /* PBXContainerItemProxy */ = {
			isa = PBXContainerItemProxy;
			containerPortal = F80A10BF227B563400E7A1FB /* Project object */;
			proxyType = 1;
			remoteGlobalIDString = F80A10C6227B563400E7A1FB;
			remoteInfo = findMatch;
		};
		F80A10EA227B563700E7A1FB /* PBXContainerItemProxy */ = {
			isa = PBXContainerItemProxy;
			containerPortal = F80A10BF227B563400E7A1FB /* Project object */;
			proxyType = 1;
			remoteGlobalIDString = F80A10C6227B563400E7A1FB;
			remoteInfo = findMatch;
		};
/* End PBXContainerItemProxy section */

/* Begin PBXFileReference section */
		841D1AEE227C1B98006C7CEE /* User.swift */ = {isa = PBXFileReference; lastKnownFileType = sourcecode.swift; path = User.swift; sourceTree = "<group>"; };
		841D1AF1227C1FE8006C7CEE /* CardViewModel.swift */ = {isa = PBXFileReference; lastKnownFileType = sourcecode.swift; path = CardViewModel.swift; sourceTree = "<group>"; };
		841D1AF3227C246C006C7CEE /* Advertiser.swift */ = {isa = PBXFileReference; lastKnownFileType = sourcecode.swift; path = Advertiser.swift; sourceTree = "<group>"; };
		841D1AF5227C49B4006C7CEE /* RegistrationViewController.swift */ = {isa = PBXFileReference; lastKnownFileType = sourcecode.swift; path = RegistrationViewController.swift; sourceTree = "<group>"; };
		841D1AF7227C4EBD006C7CEE /* CustomTextField.swift */ = {isa = PBXFileReference; lastKnownFileType = sourcecode.swift; path = CustomTextField.swift; sourceTree = "<group>"; };
		F80A10C7227B563400E7A1FB /* findMatch.app */ = {isa = PBXFileReference; explicitFileType = wrapper.application; includeInIndex = 0; path = findMatch.app; sourceTree = BUILT_PRODUCTS_DIR; };
		F80A10CA227B563400E7A1FB /* AppDelegate.swift */ = {isa = PBXFileReference; lastKnownFileType = sourcecode.swift; path = AppDelegate.swift; sourceTree = "<group>"; };
		F80A10CC227B563400E7A1FB /* HomeViewController.swift */ = {isa = PBXFileReference; lastKnownFileType = sourcecode.swift; path = HomeViewController.swift; sourceTree = "<group>"; };
		F80A10CF227B563400E7A1FB /* Base */ = {isa = PBXFileReference; lastKnownFileType = file.storyboard; name = Base; path = Base.lproj/Main.storyboard; sourceTree = "<group>"; };
		F80A10D2227B563400E7A1FB /* findMatch.xcdatamodel */ = {isa = PBXFileReference; lastKnownFileType = wrapper.xcdatamodel; path = findMatch.xcdatamodel; sourceTree = "<group>"; };
		F80A10D4227B563600E7A1FB /* Assets.xcassets */ = {isa = PBXFileReference; lastKnownFileType = folder.assetcatalog; path = Assets.xcassets; sourceTree = "<group>"; };
		F80A10D7227B563600E7A1FB /* Base */ = {isa = PBXFileReference; lastKnownFileType = file.storyboard; name = Base; path = Base.lproj/LaunchScreen.storyboard; sourceTree = "<group>"; };
		F80A10D9227B563600E7A1FB /* Info.plist */ = {isa = PBXFileReference; lastKnownFileType = text.plist.xml; path = Info.plist; sourceTree = "<group>"; };
		F80A10DE227B563600E7A1FB /* findMatchTests.xctest */ = {isa = PBXFileReference; explicitFileType = wrapper.cfbundle; includeInIndex = 0; path = findMatchTests.xctest; sourceTree = BUILT_PRODUCTS_DIR; };
		F80A10E2227B563600E7A1FB /* findMatchTests.swift */ = {isa = PBXFileReference; lastKnownFileType = sourcecode.swift; path = findMatchTests.swift; sourceTree = "<group>"; };
		F80A10E4227B563600E7A1FB /* Info.plist */ = {isa = PBXFileReference; lastKnownFileType = text.plist.xml; path = Info.plist; sourceTree = "<group>"; };
		F80A10E9227B563700E7A1FB /* findMatchUITests.xctest */ = {isa = PBXFileReference; explicitFileType = wrapper.cfbundle; includeInIndex = 0; path = findMatchUITests.xctest; sourceTree = BUILT_PRODUCTS_DIR; };
		F80A10ED227B563700E7A1FB /* findMatchUITests.swift */ = {isa = PBXFileReference; lastKnownFileType = sourcecode.swift; path = findMatchUITests.swift; sourceTree = "<group>"; };
		F80A10EF227B563700E7A1FB /* Info.plist */ = {isa = PBXFileReference; lastKnownFileType = text.plist.xml; path = Info.plist; sourceTree = "<group>"; };
		F80A10FB227B587A00E7A1FB /* Extensions+UIView.swift */ = {isa = PBXFileReference; fileEncoding = 4; lastKnownFileType = sourcecode.swift; path = "Extensions+UIView.swift"; sourceTree = "<group>"; };
		F80A1100227B5E5200E7A1FB /* HomeBottomStackView.swift */ = {isa = PBXFileReference; lastKnownFileType = sourcecode.swift; path = HomeBottomStackView.swift; sourceTree = "<group>"; };
		F80A1103227B63BA00E7A1FB /* HomeTopStackView.swift */ = {isa = PBXFileReference; lastKnownFileType = sourcecode.swift; path = HomeTopStackView.swift; sourceTree = "<group>"; };
		F80A1105227B6A5200E7A1FB /* CardView.swift */ = {isa = PBXFileReference; fileEncoding = 4; lastKnownFileType = sourcecode.swift; path = CardView.swift; sourceTree = "<group>"; };
/* End PBXFileReference section */

/* Begin PBXFrameworksBuildPhase section */
		F80A10C4227B563400E7A1FB /* Frameworks */ = {
			isa = PBXFrameworksBuildPhase;
			buildActionMask = 2147483647;
			files = (
			);
			runOnlyForDeploymentPostprocessing = 0;
		};
		F80A10DB227B563600E7A1FB /* Frameworks */ = {
			isa = PBXFrameworksBuildPhase;
			buildActionMask = 2147483647;
			files = (
			);
			runOnlyForDeploymentPostprocessing = 0;
		};
		F80A10E6227B563700E7A1FB /* Frameworks */ = {
			isa = PBXFrameworksBuildPhase;
			buildActionMask = 2147483647;
			files = (
			);
			runOnlyForDeploymentPostprocessing = 0;
		};
/* End PBXFrameworksBuildPhase section */

/* Begin PBXGroup section */
		841D1AE9227C1B3C006C7CEE /* Views */ = {
			isa = PBXGroup;
			children = (
				F80A1100227B5E5200E7A1FB /* HomeBottomStackView.swift */,
				F80A1103227B63BA00E7A1FB /* HomeTopStackView.swift */,
				F80A1105227B6A5200E7A1FB /* CardView.swift */,
				841D1AF7227C4EBD006C7CEE /* CustomTextField.swift */,
			);
			path = Views;
			sourceTree = "<group>";
		};
		841D1AEA227C1B52006C7CEE /* application */ = {
			isa = PBXGroup;
			children = (
				F80A10CE227B563400E7A1FB /* Main.storyboard */,
				F80A10CA227B563400E7A1FB /* AppDelegate.swift */,
				F80A10D4227B563600E7A1FB /* Assets.xcassets */,
				F80A10D6227B563600E7A1FB /* LaunchScreen.storyboard */,
				F80A10D1227B563400E7A1FB /* findMatch.xcdatamodeld */,
			);
			path = application;
			sourceTree = "<group>";
		};
		841D1AEB227C1B6D006C7CEE /* Extension */ = {
			isa = PBXGroup;
			children = (
				F80A10FB227B587A00E7A1FB /* Extensions+UIView.swift */,
			);
			path = Extension;
			sourceTree = "<group>";
		};
		841D1AEC227C1B74006C7CEE /* Controller */ = {
			isa = PBXGroup;
			children = (
				F80A10CC227B563400E7A1FB /* HomeViewController.swift */,
				841D1AF5227C49B4006C7CEE /* RegistrationViewController.swift */,
			);
			path = Controller;
			sourceTree = "<group>";
		};
		841D1AED227C1B85006C7CEE /* Model */ = {
			isa = PBXGroup;
			children = (
				841D1AEE227C1B98006C7CEE /* User.swift */,
				841D1AF3227C246C006C7CEE /* Advertiser.swift */,
			);
			path = Model;
			sourceTree = "<group>";
		};
		841D1AF0227C1FD8006C7CEE /* View Model */ = {
			isa = PBXGroup;
			children = (
				841D1AF1227C1FE8006C7CEE /* CardViewModel.swift */,
			);
			path = "View Model";
			sourceTree = "<group>";
		};
		F80A10BE227B563400E7A1FB = {
			isa = PBXGroup;
			children = (
				F80A10C9227B563400E7A1FB /* findMatch */,
				F80A10E1227B563600E7A1FB /* findMatchTests */,
				F80A10EC227B563700E7A1FB /* findMatchUITests */,
				F80A10C8227B563400E7A1FB /* Products */,
			);
			sourceTree = "<group>";
		};
		F80A10C8227B563400E7A1FB /* Products */ = {
			isa = PBXGroup;
			children = (
				F80A10C7227B563400E7A1FB /* findMatch.app */,
				F80A10DE227B563600E7A1FB /* findMatchTests.xctest */,
				F80A10E9227B563700E7A1FB /* findMatchUITests.xctest */,
			);
			name = Products;
			sourceTree = "<group>";
		};
		F80A10C9227B563400E7A1FB /* findMatch */ = {
			isa = PBXGroup;
			children = (
				841D1AEB227C1B6D006C7CEE /* Extension */,
				841D1AF0227C1FD8006C7CEE /* View Model */,
				841D1AED227C1B85006C7CEE /* Model */,
				841D1AE9227C1B3C006C7CEE /* Views */,
				841D1AEC227C1B74006C7CEE /* Controller */,
				F80A10D9227B563600E7A1FB /* Info.plist */,
				841D1AEA227C1B52006C7CEE /* application */,
			);
			path = findMatch;
			sourceTree = "<group>";
		};
		F80A10E1227B563600E7A1FB /* findMatchTests */ = {
			isa = PBXGroup;
			children = (
				F80A10E2227B563600E7A1FB /* findMatchTests.swift */,
				F80A10E4227B563600E7A1FB /* Info.plist */,
			);
			path = findMatchTests;
			sourceTree = "<group>";
		};
		F80A10EC227B563700E7A1FB /* findMatchUITests */ = {
			isa = PBXGroup;
			children = (
				F80A10ED227B563700E7A1FB /* findMatchUITests.swift */,
				F80A10EF227B563700E7A1FB /* Info.plist */,
			);
			path = findMatchUITests;
			sourceTree = "<group>";
		};
/* End PBXGroup section */

/* Begin PBXNativeTarget section */
		F80A10C6227B563400E7A1FB /* findMatch */ = {
			isa = PBXNativeTarget;
			buildConfigurationList = F80A10F2227B563700E7A1FB /* Build configuration list for PBXNativeTarget "findMatch" */;
			buildPhases = (
				F80A10C3227B563400E7A1FB /* Sources */,
				F80A10C4227B563400E7A1FB /* Frameworks */,
				F80A10C5227B563400E7A1FB /* Resources */,
			);
			buildRules = (
			);
			dependencies = (
			);
			name = findMatch;
			productName = findMatch;
			productReference = F80A10C7227B563400E7A1FB /* findMatch.app */;
			productType = "com.apple.product-type.application";
		};
		F80A10DD227B563600E7A1FB /* findMatchTests */ = {
			isa = PBXNativeTarget;
			buildConfigurationList = F80A10F5227B563700E7A1FB /* Build configuration list for PBXNativeTarget "findMatchTests" */;
			buildPhases = (
				F80A10DA227B563600E7A1FB /* Sources */,
				F80A10DB227B563600E7A1FB /* Frameworks */,
				F80A10DC227B563600E7A1FB /* Resources */,
			);
			buildRules = (
			);
			dependencies = (
				F80A10E0227B563600E7A1FB /* PBXTargetDependency */,
			);
			name = findMatchTests;
			productName = findMatchTests;
			productReference = F80A10DE227B563600E7A1FB /* findMatchTests.xctest */;
			productType = "com.apple.product-type.bundle.unit-test";
		};
		F80A10E8227B563700E7A1FB /* findMatchUITests */ = {
			isa = PBXNativeTarget;
			buildConfigurationList = F80A10F8227B563700E7A1FB /* Build configuration list for PBXNativeTarget "findMatchUITests" */;
			buildPhases = (
				F80A10E5227B563700E7A1FB /* Sources */,
				F80A10E6227B563700E7A1FB /* Frameworks */,
				F80A10E7227B563700E7A1FB /* Resources */,
			);
			buildRules = (
			);
			dependencies = (
				F80A10EB227B563700E7A1FB /* PBXTargetDependency */,
			);
			name = findMatchUITests;
			productName = findMatchUITests;
			productReference = F80A10E9227B563700E7A1FB /* findMatchUITests.xctest */;
			productType = "com.apple.product-type.bundle.ui-testing";
		};
/* End PBXNativeTarget section */

/* Begin PBXProject section */
		F80A10BF227B563400E7A1FB /* Project object */ = {
			isa = PBXProject;
			attributes = {
				LastSwiftUpdateCheck = 1020;
				LastUpgradeCheck = 1020;
				ORGANIZATIONNAME = "Tarun Sharma";
				TargetAttributes = {
					F80A10C6227B563400E7A1FB = {
						CreatedOnToolsVersion = 10.2.1;
					};
					F80A10DD227B563600E7A1FB = {
						CreatedOnToolsVersion = 10.2.1;
						TestTargetID = F80A10C6227B563400E7A1FB;
					};
					F80A10E8227B563700E7A1FB = {
						CreatedOnToolsVersion = 10.2.1;
						TestTargetID = F80A10C6227B563400E7A1FB;
					};
				};
			};
			buildConfigurationList = F80A10C2227B563400E7A1FB /* Build configuration list for PBXProject "findMatch" */;
			compatibilityVersion = "Xcode 9.3";
			developmentRegion = en;
			hasScannedForEncodings = 0;
			knownRegions = (
				en,
				Base,
			);
			mainGroup = F80A10BE227B563400E7A1FB;
			productRefGroup = F80A10C8227B563400E7A1FB /* Products */;
			projectDirPath = "";
			projectRoot = "";
			targets = (
				F80A10C6227B563400E7A1FB /* findMatch */,
				F80A10DD227B563600E7A1FB /* findMatchTests */,
				F80A10E8227B563700E7A1FB /* findMatchUITests */,
			);
		};
/* End PBXProject section */

/* Begin PBXResourcesBuildPhase section */
		F80A10C5227B563400E7A1FB /* Resources */ = {
			isa = PBXResourcesBuildPhase;
			buildActionMask = 2147483647;
			files = (
				F80A10D8227B563600E7A1FB /* LaunchScreen.storyboard in Resources */,
				F80A10D5227B563600E7A1FB /* Assets.xcassets in Resources */,
				F80A10D0227B563400E7A1FB /* Main.storyboard in Resources */,
			);
			runOnlyForDeploymentPostprocessing = 0;
		};
		F80A10DC227B563600E7A1FB /* Resources */ = {
			isa = PBXResourcesBuildPhase;
			buildActionMask = 2147483647;
			files = (
			);
			runOnlyForDeploymentPostprocessing = 0;
		};
		F80A10E7227B563700E7A1FB /* Resources */ = {
			isa = PBXResourcesBuildPhase;
			buildActionMask = 2147483647;
			files = (
			);
			runOnlyForDeploymentPostprocessing = 0;
		};
/* End PBXResourcesBuildPhase section */

/* Begin PBXSourcesBuildPhase section */
		F80A10C3227B563400E7A1FB /* Sources */ = {
			isa = PBXSourcesBuildPhase;
			buildActionMask = 2147483647;
			files = (
				841D1AF4227C246C006C7CEE /* Advertiser.swift in Sources */,
				F80A1106227B6A5200E7A1FB /* CardView.swift in Sources */,
				F80A1104227B63BA00E7A1FB /* HomeTopStackView.swift in Sources */,
				841D1AF6227C49B4006C7CEE /* RegistrationViewController.swift in Sources */,
				F80A1101227B5E5200E7A1FB /* HomeBottomStackView.swift in Sources */,
				F80A10CD227B563400E7A1FB /* HomeViewController.swift in Sources */,
				841D1AEF227C1B98006C7CEE /* User.swift in Sources */,
				F80A10CB227B563400E7A1FB /* AppDelegate.swift in Sources */,
				841D1AF8227C4EBD006C7CEE /* CustomTextField.swift in Sources */,
				F80A10FC227B587A00E7A1FB /* Extensions+UIView.swift in Sources */,
				F80A10D3227B563400E7A1FB /* findMatch.xcdatamodeld in Sources */,
				841D1AF2227C1FE8006C7CEE /* CardViewModel.swift in Sources */,
			);
			runOnlyForDeploymentPostprocessing = 0;
		};
		F80A10DA227B563600E7A1FB /* Sources */ = {
			isa = PBXSourcesBuildPhase;
			buildActionMask = 2147483647;
			files = (
				F80A10E3227B563600E7A1FB /* findMatchTests.swift in Sources */,
			);
			runOnlyForDeploymentPostprocessing = 0;
		};
		F80A10E5227B563700E7A1FB /* Sources */ = {
			isa = PBXSourcesBuildPhase;
			buildActionMask = 2147483647;
			files = (
				F80A10EE227B563700E7A1FB /* findMatchUITests.swift in Sources */,
			);
			runOnlyForDeploymentPostprocessing = 0;
		};
/* End PBXSourcesBuildPhase section */

/* Begin PBXTargetDependency section */
		F80A10E0227B563600E7A1FB /* PBXTargetDependency */ = {
			isa = PBXTargetDependency;
			target = F80A10C6227B563400E7A1FB /* findMatch */;
			targetProxy = F80A10DF227B563600E7A1FB /* PBXContainerItemProxy */;
		};
		F80A10EB227B563700E7A1FB /* PBXTargetDependency */ = {
			isa = PBXTargetDependency;
			target = F80A10C6227B563400E7A1FB /* findMatch */;
			targetProxy = F80A10EA227B563700E7A1FB /* PBXContainerItemProxy */;
		};
/* End PBXTargetDependency section */

/* Begin PBXVariantGroup section */
		F80A10CE227B563400E7A1FB /* Main.storyboard */ = {
			isa = PBXVariantGroup;
			children = (
				F80A10CF227B563400E7A1FB /* Base */,
			);
			name = Main.storyboard;
			sourceTree = "<group>";
		};
		F80A10D6227B563600E7A1FB /* LaunchScreen.storyboard */ = {
			isa = PBXVariantGroup;
			children = (
				F80A10D7227B563600E7A1FB /* Base */,
			);
			name = LaunchScreen.storyboard;
			sourceTree = "<group>";
		};
/* End PBXVariantGroup section */

/* Begin XCBuildConfiguration section */
		F80A10F0227B563700E7A1FB /* Debug */ = {
			isa = XCBuildConfiguration;
			buildSettings = {
				ALWAYS_SEARCH_USER_PATHS = NO;
				CLANG_ANALYZER_NONNULL = YES;
				CLANG_ANALYZER_NUMBER_OBJECT_CONVERSION = YES_AGGRESSIVE;
				CLANG_CXX_LANGUAGE_STANDARD = "gnu++14";
				CLANG_CXX_LIBRARY = "libc++";
				CLANG_ENABLE_MODULES = YES;
				CLANG_ENABLE_OBJC_ARC = YES;
				CLANG_ENABLE_OBJC_WEAK = YES;
				CLANG_WARN_BLOCK_CAPTURE_AUTORELEASING = YES;
				CLANG_WARN_BOOL_CONVERSION = YES;
				CLANG_WARN_COMMA = YES;
				CLANG_WARN_CONSTANT_CONVERSION = YES;
				CLANG_WARN_DEPRECATED_OBJC_IMPLEMENTATIONS = YES;
				CLANG_WARN_DIRECT_OBJC_ISA_USAGE = YES_ERROR;
				CLANG_WARN_DOCUMENTATION_COMMENTS = YES;
				CLANG_WARN_EMPTY_BODY = YES;
				CLANG_WARN_ENUM_CONVERSION = YES;
				CLANG_WARN_INFINITE_RECURSION = YES;
				CLANG_WARN_INT_CONVERSION = YES;
				CLANG_WARN_NON_LITERAL_NULL_CONVERSION = YES;
				CLANG_WARN_OBJC_IMPLICIT_RETAIN_SELF = YES;
				CLANG_WARN_OBJC_LITERAL_CONVERSION = YES;
				CLANG_WARN_OBJC_ROOT_CLASS = YES_ERROR;
				CLANG_WARN_RANGE_LOOP_ANALYSIS = YES;
				CLANG_WARN_STRICT_PROTOTYPES = YES;
				CLANG_WARN_SUSPICIOUS_MOVE = YES;
				CLANG_WARN_UNGUARDED_AVAILABILITY = YES_AGGRESSIVE;
				CLANG_WARN_UNREACHABLE_CODE = YES;
				CLANG_WARN__DUPLICATE_METHOD_MATCH = YES;
				CODE_SIGN_IDENTITY = "iPhone Developer";
				COPY_PHASE_STRIP = NO;
				DEBUG_INFORMATION_FORMAT = dwarf;
				ENABLE_STRICT_OBJC_MSGSEND = YES;
				ENABLE_TESTABILITY = YES;
				GCC_C_LANGUAGE_STANDARD = gnu11;
				GCC_DYNAMIC_NO_PIC = NO;
				GCC_NO_COMMON_BLOCKS = YES;
				GCC_OPTIMIZATION_LEVEL = 0;
				GCC_PREPROCESSOR_DEFINITIONS = (
					"DEBUG=1",
					"$(inherited)",
				);
				GCC_WARN_64_TO_32_BIT_CONVERSION = YES;
				GCC_WARN_ABOUT_RETURN_TYPE = YES_ERROR;
				GCC_WARN_UNDECLARED_SELECTOR = YES;
				GCC_WARN_UNINITIALIZED_AUTOS = YES_AGGRESSIVE;
				GCC_WARN_UNUSED_FUNCTION = YES;
				GCC_WARN_UNUSED_VARIABLE = YES;
				IPHONEOS_DEPLOYMENT_TARGET = 12.2;
				MTL_ENABLE_DEBUG_INFO = INCLUDE_SOURCE;
				MTL_FAST_MATH = YES;
				ONLY_ACTIVE_ARCH = YES;
				SDKROOT = iphoneos;
				SWIFT_ACTIVE_COMPILATION_CONDITIONS = DEBUG;
				SWIFT_OPTIMIZATION_LEVEL = "-Onone";
			};
			name = Debug;
		};
		F80A10F1227B563700E7A1FB /* Release */ = {
			isa = XCBuildConfiguration;
			buildSettings = {
				ALWAYS_SEARCH_USER_PATHS = NO;
				CLANG_ANALYZER_NONNULL = YES;
				CLANG_ANALYZER_NUMBER_OBJECT_CONVERSION = YES_AGGRESSIVE;
				CLANG_CXX_LANGUAGE_STANDARD = "gnu++14";
				CLANG_CXX_LIBRARY = "libc++";
				CLANG_ENABLE_MODULES = YES;
				CLANG_ENABLE_OBJC_ARC = YES;
				CLANG_ENABLE_OBJC_WEAK = YES;
				CLANG_WARN_BLOCK_CAPTURE_AUTORELEASING = YES;
				CLANG_WARN_BOOL_CONVERSION = YES;
				CLANG_WARN_COMMA = YES;
				CLANG_WARN_CONSTANT_CONVERSION = YES;
				CLANG_WARN_DEPRECATED_OBJC_IMPLEMENTATIONS = YES;
				CLANG_WARN_DIRECT_OBJC_ISA_USAGE = YES_ERROR;
				CLANG_WARN_DOCUMENTATION_COMMENTS = YES;
				CLANG_WARN_EMPTY_BODY = YES;
				CLANG_WARN_ENUM_CONVERSION = YES;
				CLANG_WARN_INFINITE_RECURSION = YES;
				CLANG_WARN_INT_CONVERSION = YES;
				CLANG_WARN_NON_LITERAL_NULL_CONVERSION = YES;
				CLANG_WARN_OBJC_IMPLICIT_RETAIN_SELF = YES;
				CLANG_WARN_OBJC_LITERAL_CONVERSION = YES;
				CLANG_WARN_OBJC_ROOT_CLASS = YES_ERROR;
				CLANG_WARN_RANGE_LOOP_ANALYSIS = YES;
				CLANG_WARN_STRICT_PROTOTYPES = YES;
				CLANG_WARN_SUSPICIOUS_MOVE = YES;
				CLANG_WARN_UNGUARDED_AVAILABILITY = YES_AGGRESSIVE;
				CLANG_WARN_UNREACHABLE_CODE = YES;
				CLANG_WARN__DUPLICATE_METHOD_MATCH = YES;
				CODE_SIGN_IDENTITY = "iPhone Developer";
				COPY_PHASE_STRIP = NO;
				DEBUG_INFORMATION_FORMAT = "dwarf-with-dsym";
				ENABLE_NS_ASSERTIONS = NO;
				ENABLE_STRICT_OBJC_MSGSEND = YES;
				GCC_C_LANGUAGE_STANDARD = gnu11;
				GCC_NO_COMMON_BLOCKS = YES;
				GCC_WARN_64_TO_32_BIT_CONVERSION = YES;
				GCC_WARN_ABOUT_RETURN_TYPE = YES_ERROR;
				GCC_WARN_UNDECLARED_SELECTOR = YES;
				GCC_WARN_UNINITIALIZED_AUTOS = YES_AGGRESSIVE;
				GCC_WARN_UNUSED_FUNCTION = YES;
				GCC_WARN_UNUSED_VARIABLE = YES;
				IPHONEOS_DEPLOYMENT_TARGET = 12.2;
				MTL_ENABLE_DEBUG_INFO = NO;
				MTL_FAST_MATH = YES;
				SDKROOT = iphoneos;
				SWIFT_COMPILATION_MODE = wholemodule;
				SWIFT_OPTIMIZATION_LEVEL = "-O";
				VALIDATE_PRODUCT = YES;
			};
			name = Release;
		};
		F80A10F3227B563700E7A1FB /* Debug */ = {
			isa = XCBuildConfiguration;
			buildSettings = {
				ASSETCATALOG_COMPILER_APPICON_NAME = AppIcon;
				CODE_SIGN_IDENTITY = "iPhone Developer";
				CODE_SIGN_STYLE = Automatic;
				DEVELOPMENT_TEAM = 78877UQE66;
				INFOPLIST_FILE = findMatch/Info.plist;
				LD_RUNPATH_SEARCH_PATHS = (
					"$(inherited)",
					"@executable_path/Frameworks",
				);
				PRODUCT_BUNDLE_IDENTIFIER = edu.Self.findMatch;
				PRODUCT_NAME = "$(TARGET_NAME)";
				PROVISIONING_PROFILE_SPECIFIER = "";
				SWIFT_VERSION = 5.0;
				TARGETED_DEVICE_FAMILY = "1,2";
			};
			name = Debug;
		};
		F80A10F4227B563700E7A1FB /* Release */ = {
			isa = XCBuildConfiguration;
			buildSettings = {
				ASSETCATALOG_COMPILER_APPICON_NAME = AppIcon;
				CODE_SIGN_IDENTITY = "iPhone Developer";
				CODE_SIGN_STYLE = Automatic;
				DEVELOPMENT_TEAM = 78877UQE66;
				INFOPLIST_FILE = findMatch/Info.plist;
				LD_RUNPATH_SEARCH_PATHS = (
					"$(inherited)",
					"@executable_path/Frameworks",
				);
				PRODUCT_BUNDLE_IDENTIFIER = edu.Self.findMatch;
				PRODUCT_NAME = "$(TARGET_NAME)";
				PROVISIONING_PROFILE_SPECIFIER = "";
				SWIFT_VERSION = 5.0;
				TARGETED_DEVICE_FAMILY = "1,2";
			};
			name = Release;
		};
		F80A10F6227B563700E7A1FB /* Debug */ = {
			isa = XCBuildConfiguration;
			buildSettings = {
				ALWAYS_EMBED_SWIFT_STANDARD_LIBRARIES = YES;
				BUNDLE_LOADER = "$(TEST_HOST)";
				CODE_SIGN_STYLE = Automatic;
				DEVELOPMENT_TEAM = RCU9H55JRU;
				INFOPLIST_FILE = findMatchTests/Info.plist;
				LD_RUNPATH_SEARCH_PATHS = (
					"$(inherited)",
					"@executable_path/Frameworks",
					"@loader_path/Frameworks",
				);
				PRODUCT_BUNDLE_IDENTIFIER = edu.Self.findMatchTests;
				PRODUCT_NAME = "$(TARGET_NAME)";
				SWIFT_VERSION = 5.0;
				TARGETED_DEVICE_FAMILY = "1,2";
				TEST_HOST = "$(BUILT_PRODUCTS_DIR)/findMatch.app/findMatch";
			};
			name = Debug;
		};
		F80A10F7227B563700E7A1FB /* Release */ = {
			isa = XCBuildConfiguration;
			buildSettings = {
				ALWAYS_EMBED_SWIFT_STANDARD_LIBRARIES = YES;
				BUNDLE_LOADER = "$(TEST_HOST)";
				CODE_SIGN_STYLE = Automatic;
				DEVELOPMENT_TEAM = RCU9H55JRU;
				INFOPLIST_FILE = findMatchTests/Info.plist;
				LD_RUNPATH_SEARCH_PATHS = (
					"$(inherited)",
					"@executable_path/Frameworks",
					"@loader_path/Frameworks",
				);
				PRODUCT_BUNDLE_IDENTIFIER = edu.Self.findMatchTests;
				PRODUCT_NAME = "$(TARGET_NAME)";
				SWIFT_VERSION = 5.0;
				TARGETED_DEVICE_FAMILY = "1,2";
				TEST_HOST = "$(BUILT_PRODUCTS_DIR)/findMatch.app/findMatch";
			};
			name = Release;
		};
		F80A10F9227B563700E7A1FB /* Debug */ = {
			isa = XCBuildConfiguration;
			buildSettings = {
				ALWAYS_EMBED_SWIFT_STANDARD_LIBRARIES = YES;
				CODE_SIGN_STYLE = Automatic;
				DEVELOPMENT_TEAM = RCU9H55JRU;
				INFOPLIST_FILE = findMatchUITests/Info.plist;
				LD_RUNPATH_SEARCH_PATHS = (
					"$(inherited)",
					"@executable_path/Frameworks",
					"@loader_path/Frameworks",
				);
				PRODUCT_BUNDLE_IDENTIFIER = edu.Self.findMatchUITests;
				PRODUCT_NAME = "$(TARGET_NAME)";
				SWIFT_VERSION = 5.0;
				TARGETED_DEVICE_FAMILY = "1,2";
				TEST_TARGET_NAME = findMatch;
			};
			name = Debug;
		};
		F80A10FA227B563700E7A1FB /* Release */ = {
			isa = XCBuildConfiguration;
			buildSettings = {
				ALWAYS_EMBED_SWIFT_STANDARD_LIBRARIES = YES;
				CODE_SIGN_STYLE = Automatic;
				DEVELOPMENT_TEAM = RCU9H55JRU;
				INFOPLIST_FILE = findMatchUITests/Info.plist;
				LD_RUNPATH_SEARCH_PATHS = (
					"$(inherited)",
					"@executable_path/Frameworks",
					"@loader_path/Frameworks",
				);
				PRODUCT_BUNDLE_IDENTIFIER = edu.Self.findMatchUITests;
				PRODUCT_NAME = "$(TARGET_NAME)";
				SWIFT_VERSION = 5.0;
				TARGETED_DEVICE_FAMILY = "1,2";
				TEST_TARGET_NAME = findMatch;
			};
			name = Release;
		};
/* End XCBuildConfiguration section */

/* Begin XCConfigurationList section */
		F80A10C2227B563400E7A1FB /* Build configuration list for PBXProject "findMatch" */ = {
			isa = XCConfigurationList;
			buildConfigurations = (
				F80A10F0227B563700E7A1FB /* Debug */,
				F80A10F1227B563700E7A1FB /* Release */,
			);
			defaultConfigurationIsVisible = 0;
			defaultConfigurationName = Release;
		};
		F80A10F2227B563700E7A1FB /* Build configuration list for PBXNativeTarget "findMatch" */ = {
			isa = XCConfigurationList;
			buildConfigurations = (
				F80A10F3227B563700E7A1FB /* Debug */,
				F80A10F4227B563700E7A1FB /* Release */,
			);
			defaultConfigurationIsVisible = 0;
			defaultConfigurationName = Release;
		};
		F80A10F5227B563700E7A1FB /* Build configuration list for PBXNativeTarget "findMatchTests" */ = {
			isa = XCConfigurationList;
			buildConfigurations = (
				F80A10F6227B563700E7A1FB /* Debug */,
				F80A10F7227B563700E7A1FB /* Release */,
			);
			defaultConfigurationIsVisible = 0;
			defaultConfigurationName = Release;
		};
		F80A10F8227B563700E7A1FB /* Build configuration list for PBXNativeTarget "findMatchUITests" */ = {
			isa = XCConfigurationList;
			buildConfigurations = (
				F80A10F9227B563700E7A1FB /* Debug */,
				F80A10FA227B563700E7A1FB /* Release */,
			);
			defaultConfigurationIsVisible = 0;
			defaultConfigurationName = Release;
		};
/* End XCConfigurationList section */

/* Begin XCVersionGroup section */
		F80A10D1227B563400E7A1FB /* findMatch.xcdatamodeld */ = {
			isa = XCVersionGroup;
			children = (
				F80A10D2227B563400E7A1FB /* findMatch.xcdatamodel */,
			);
			currentVersion = F80A10D2227B563400E7A1FB /* findMatch.xcdatamodel */;
			path = findMatch.xcdatamodeld;
			sourceTree = "<group>";
			versionGroupType = wrapper.xcdatamodel;
		};
/* End XCVersionGroup section */
	};
	rootObject = F80A10BF227B563400E7A1FB /* Project object */;
}
